// !$*UTF8*$!
{
	archiveVersion = 1;
	classes = {
	};
	objectVersion = 46;
	objects = {

/* Begin PBXBuildFile section */
		780706BE1CE2BDFD00A4F5D4 /* main.m in Sources */ = {isa = PBXBuildFile; fileRef = 780706BD1CE2BDFD00A4F5D4 /* main.m */; };
		780706C11CE2BDFD00A4F5D4 /* AppDelegate.m in Sources */ = {isa = PBXBuildFile; fileRef = 780706C01CE2BDFD00A4F5D4 /* AppDelegate.m */; };
		780706C41CE2BDFD00A4F5D4 /* ViewController.m in Sources */ = {isa = PBXBuildFile; fileRef = 780706C31CE2BDFD00A4F5D4 /* ViewController.m */; };
		780706C71CE2BDFD00A4F5D4 /* Main.storyboard in Resources */ = {isa = PBXBuildFile; fileRef = 780706C51CE2BDFD00A4F5D4 /* Main.storyboard */; };
		780706C91CE2BDFD00A4F5D4 /* Assets.xcassets in Resources */ = {isa = PBXBuildFile; fileRef = 780706C81CE2BDFD00A4F5D4 /* Assets.xcassets */; };
		780706CC1CE2BDFD00A4F5D4 /* LaunchScreen.storyboard in Resources */ = {isa = PBXBuildFile; fileRef = 780706CA1CE2BDFD00A4F5D4 /* LaunchScreen.storyboard */; };
		780706D71CE2BDFD00A4F5D4 /* UUID2Tests.m in Sources */ = {isa = PBXBuildFile; fileRef = 780706D61CE2BDFD00A4F5D4 /* UUID2Tests.m */; };
		780706E21CE2BDFD00A4F5D4 /* UUID2UITests.m in Sources */ = {isa = PBXBuildFile; fileRef = 780706E11CE2BDFD00A4F5D4 /* UUID2UITests.m */; };
		780707051CE30FF600A4F5D4 /* UUID.m in Sources */ = {isa = PBXBuildFile; fileRef = 780707041CE30FF600A4F5D4 /* UUID.m */; };
		780707081CE3103300A4F5D4 /* KeyChainStore.m in Sources */ = {isa = PBXBuildFile; fileRef = 780707071CE3103300A4F5D4 /* KeyChainStore.m */; };
/* End PBXBuildFile section */

/* Begin PBXContainerItemProxy section */
		780706D31CE2BDFD00A4F5D4 /* PBXContainerItemProxy */ = {
			isa = PBXContainerItemProxy;
			containerPortal = 780706B11CE2BDFD00A4F5D4 /* Project object */;
			proxyType = 1;
			remoteGlobalIDString = 780706B81CE2BDFD00A4F5D4;
			remoteInfo = UUID2;
		};
		780706DE1CE2BDFD00A4F5D4 /* PBXContainerItemProxy */ = {
			isa = PBXContainerItemProxy;
			containerPortal = 780706B11CE2BDFD00A4F5D4 /* Project object */;
			proxyType = 1;
			remoteGlobalIDString = 780706B81CE2BDFD00A4F5D4;
			remoteInfo = UUID2;
		};
/* End PBXContainerItemProxy section */

/* Begin PBXFileReference section */
		780706B91CE2BDFD00A4F5D4 /* UUID2.app */ = {isa = PBXFileReference; explicitFileType = wrapper.application; includeInIndex = 0; path = UUID2.app; sourceTree = BUILT_PRODUCTS_DIR; };
		780706BD1CE2BDFD00A4F5D4 /* main.m */ = {isa = PBXFileReference; lastKnownFileType = sourcecode.c.objc; path = main.m; sourceTree = "<group>"; };
		780706BF1CE2BDFD00A4F5D4 /* AppDelegate.h */ = {isa = PBXFileReference; lastKnownFileType = sourcecode.c.h; path = AppDelegate.h; sourceTree = "<group>"; };
		780706C01CE2BDFD00A4F5D4 /* AppDelegate.m */ = {isa = PBXFileReference; lastKnownFileType = sourcecode.c.objc; path = AppDelegate.m; sourceTree = "<group>"; };
		780706C21CE2BDFD00A4F5D4 /* ViewController.h */ = {isa = PBXFileReference; lastKnownFileType = sourcecode.c.h; path = ViewController.h; sourceTree = "<group>"; };
		780706C31CE2BDFD00A4F5D4 /* ViewController.m */ = {isa = PBXFileReference; lastKnownFileType = sourcecode.c.objc; path = ViewController.m; sourceTree = "<group>"; };
		780706C61CE2BDFD00A4F5D4 /* Base */ = {isa = PBXFileReference; lastKnownFileType = file.storyboard; name = Base; path = Base.lproj/Main.storyboard; sourceTree = "<group>"; };
		780706C81CE2BDFD00A4F5D4 /* Assets.xcassets */ = {isa = PBXFileReference; lastKnownFileType = folder.assetcatalog; path = Assets.xcassets; sourceTree = "<group>"; };
		780706CB1CE2BDFD00A4F5D4 /* Base */ = {isa = PBXFileReference; lastKnownFileType = file.storyboard; name = Base; path = Base.lproj/LaunchScreen.storyboard; sourceTree = "<group>"; };
		780706CD1CE2BDFD00A4F5D4 /* Info.plist */ = {isa = PBXFileReference; lastKnownFileType = text.plist.xml; path = Info.plist; sourceTree = "<group>"; };
		780706D21CE2BDFD00A4F5D4 /* UUID2Tests.xctest */ = {isa = PBXFileReference; explicitFileType = wrapper.cfbundle; includeInIndex = 0; path = UUID2Tests.xctest; sourceTree = BUILT_PRODUCTS_DIR; };
		780706D61CE2BDFD00A4F5D4 /* UUID2Tests.m */ = {isa = PBXFileReference; lastKnownFileType = sourcecode.c.objc; path = UUID2Tests.m; sourceTree = "<group>"; };
		780706D81CE2BDFD00A4F5D4 /* Info.plist */ = {isa = PBXFileReference; lastKnownFileType = text.plist.xml; path = Info.plist; sourceTree = "<group>"; };
		780706DD1CE2BDFD00A4F5D4 /* UUID2UITests.xctest */ = {isa = PBXFileReference; explicitFileType = wrapper.cfbundle; includeInIndex = 0; path = UUID2UITests.xctest; sourceTree = BUILT_PRODUCTS_DIR; };
		780706E11CE2BDFD00A4F5D4 /* UUID2UITests.m */ = {isa = PBXFileReference; lastKnownFileType = sourcecode.c.objc; path = UUID2UITests.m; sourceTree = "<group>"; };
		780706E31CE2BDFD00A4F5D4 /* Info.plist */ = {isa = PBXFileReference; lastKnownFileType = text.plist.xml; path = Info.plist; sourceTree = "<group>"; };
		780706EF1CE2BEFF00A4F5D4 /* UUID2.entitlements */ = {isa = PBXFileReference; lastKnownFileType = text.xml; path = UUID2.entitlements; sourceTree = "<group>"; };
		780707031CE30FF600A4F5D4 /* UUID.h */ = {isa = PBXFileReference; fileEncoding = 4; lastKnownFileType = sourcecode.c.h; path = UUID.h; sourceTree = "<group>"; };
		780707041CE30FF600A4F5D4 /* UUID.m */ = {isa = PBXFileReference; fileEncoding = 4; lastKnownFileType = sourcecode.c.objc; path = UUID.m; sourceTree = "<group>"; };
		780707061CE3103300A4F5D4 /* KeyChainStore.h */ = {isa = PBXFileReference; fileEncoding = 4; lastKnownFileType = sourcecode.c.h; path = KeyChainStore.h; sourceTree = "<group>"; };
		780707071CE3103300A4F5D4 /* KeyChainStore.m */ = {isa = PBXFileReference; fileEncoding = 4; lastKnownFileType = sourcecode.c.objc; path = KeyChainStore.m; sourceTree = "<group>"; };
/* End PBXFileReference section */

/* Begin PBXFrameworksBuildPhase section */
		780706B61CE2BDFD00A4F5D4 /* Frameworks */ = {
			isa = PBXFrameworksBuildPhase;
			buildActionMask = 2147483647;
			files = (
			);
			runOnlyForDeploymentPostprocessing = 0;
		};
		780706CF1CE2BDFD00A4F5D4 /* Frameworks */ = {
			isa = PBXFrameworksBuildPhase;
			buildActionMask = 2147483647;
			files = (
			);
			runOnlyForDeploymentPostprocessing = 0;
		};
		780706DA1CE2BDFD00A4F5D4 /* Frameworks */ = {
			isa = PBXFrameworksBuildPhase;
			buildActionMask = 2147483647;
			files = (
			);
			runOnlyForDeploymentPostprocessing = 0;
		};
/* End PBXFrameworksBuildPhase section */

/* Begin PBXGroup section */
		780706B01CE2BDFD00A4F5D4 = {
			isa = PBXGroup;
			children = (
				780706BB1CE2BDFD00A4F5D4 /* UUID2 */,
				780706D51CE2BDFD00A4F5D4 /* UUID2Tests */,
				780706E01CE2BDFD00A4F5D4 /* UUID2UITests */,
				780706BA1CE2BDFD00A4F5D4 /* Products */,
			);
			sourceTree = "<group>";
		};
		780706BA1CE2BDFD00A4F5D4 /* Products */ = {
			isa = PBXGroup;
			children = (
				780706B91CE2BDFD00A4F5D4 /* UUID2.app */,
				780706D21CE2BDFD00A4F5D4 /* UUID2Tests.xctest */,
				780706DD1CE2BDFD00A4F5D4 /* UUID2UITests.xctest */,
			);
			name = Products;
			sourceTree = "<group>";
		};
		780706BB1CE2BDFD00A4F5D4 /* UUID2 */ = {
			isa = PBXGroup;
			children = (
				780706EF1CE2BEFF00A4F5D4 /* UUID2.entitlements */,
				780706BF1CE2BDFD00A4F5D4 /* AppDelegate.h */,
				780706C01CE2BDFD00A4F5D4 /* AppDelegate.m */,
				780706C21CE2BDFD00A4F5D4 /* ViewController.h */,
				780706C31CE2BDFD00A4F5D4 /* ViewController.m */,
				780707031CE30FF600A4F5D4 /* UUID.h */,
				780707041CE30FF600A4F5D4 /* UUID.m */,
				780707061CE3103300A4F5D4 /* KeyChainStore.h */,
				780707071CE3103300A4F5D4 /* KeyChainStore.m */,
				780706C51CE2BDFD00A4F5D4 /* Main.storyboard */,
				780706C81CE2BDFD00A4F5D4 /* Assets.xcassets */,
				780706CA1CE2BDFD00A4F5D4 /* LaunchScreen.storyboard */,
				780706CD1CE2BDFD00A4F5D4 /* Info.plist */,
				780706BC1CE2BDFD00A4F5D4 /* Supporting Files */,
			);
			path = UUID2;
			sourceTree = "<group>";
		};
		780706BC1CE2BDFD00A4F5D4 /* Supporting Files */ = {
			isa = PBXGroup;
			children = (
				780706BD1CE2BDFD00A4F5D4 /* main.m */,
			);
			name = "Supporting Files";
			sourceTree = "<group>";
		};
		780706D51CE2BDFD00A4F5D4 /* UUID2Tests */ = {
			isa = PBXGroup;
			children = (
				780706D61CE2BDFD00A4F5D4 /* UUID2Tests.m */,
				780706D81CE2BDFD00A4F5D4 /* Info.plist */,
			);
			path = UUID2Tests;
			sourceTree = "<group>";
		};
		780706E01CE2BDFD00A4F5D4 /* UUID2UITests */ = {
			isa = PBXGroup;
			children = (
				780706E11CE2BDFD00A4F5D4 /* UUID2UITests.m */,
				780706E31CE2BDFD00A4F5D4 /* Info.plist */,
			);
			path = UUID2UITests;
			sourceTree = "<group>";
		};
/* End PBXGroup section */

/* Begin PBXNativeTarget section */
		780706B81CE2BDFD00A4F5D4 /* UUID2 */ = {
			isa = PBXNativeTarget;
			buildConfigurationList = 780706E61CE2BDFD00A4F5D4 /* Build configuration list for PBXNativeTarget "UUID2" */;
			buildPhases = (
				780706B51CE2BDFD00A4F5D4 /* Sources */,
				780706B61CE2BDFD00A4F5D4 /* Frameworks */,
				780706B71CE2BDFD00A4F5D4 /* Resources */,
			);
			buildRules = (
			);
			dependencies = (
			);
			name = UUID2;
			productName = UUID2;
			productReference = 780706B91CE2BDFD00A4F5D4 /* UUID2.app */;
			productType = "com.apple.product-type.application";
		};
		780706D11CE2BDFD00A4F5D4 /* UUID2Tests */ = {
			isa = PBXNativeTarget;
			buildConfigurationList = 780706E91CE2BDFD00A4F5D4 /* Build configuration list for PBXNativeTarget "UUID2Tests" */;
			buildPhases = (
				780706CE1CE2BDFD00A4F5D4 /* Sources */,
				780706CF1CE2BDFD00A4F5D4 /* Frameworks */,
				780706D01CE2BDFD00A4F5D4 /* Resources */,
			);
			buildRules = (
			);
			dependencies = (
				780706D41CE2BDFD00A4F5D4 /* PBXTargetDependency */,
			);
			name = UUID2Tests;
			productName = UUID2Tests;
			productReference = 780706D21CE2BDFD00A4F5D4 /* UUID2Tests.xctest */;
			productType = "com.apple.product-type.bundle.unit-test";
		};
		780706DC1CE2BDFD00A4F5D4 /* UUID2UITests */ = {
			isa = PBXNativeTarget;
			buildConfigurationList = 780706EC1CE2BDFD00A4F5D4 /* Build configuration list for PBXNativeTarget "UUID2UITests" */;
			buildPhases = (
				780706D91CE2BDFD00A4F5D4 /* Sources */,
				780706DA1CE2BDFD00A4F5D4 /* Frameworks */,
				780706DB1CE2BDFD00A4F5D4 /* Resources */,
			);
			buildRules = (
			);
			dependencies = (
				780706DF1CE2BDFD00A4F5D4 /* PBXTargetDependency */,
			);
			name = UUID2UITests;
			productName = UUID2UITests;
			productReference = 780706DD1CE2BDFD00A4F5D4 /* UUID2UITests.xctest */;
			productType = "com.apple.product-type.bundle.ui-testing";
		};
/* End PBXNativeTarget section */

/* Begin PBXProject section */
		780706B11CE2BDFD00A4F5D4 /* Project object */ = {
			isa = PBXProject;
			attributes = {
				LastUpgradeCheck = 0730;
				ORGANIZATIONNAME = siyucloud;
				TargetAttributes = {
					780706B81CE2BDFD00A4F5D4 = {
						CreatedOnToolsVersion = 7.3.1;
						DevelopmentTeam = 6MBAD7U2GK;
						SystemCapabilities = {
							com.apple.Keychain = {
								enabled = 1;
							};
						};
					};
					780706D11CE2BDFD00A4F5D4 = {
						CreatedOnToolsVersion = 7.3.1;
						TestTargetID = 780706B81CE2BDFD00A4F5D4;
					};
					780706DC1CE2BDFD00A4F5D4 = {
						CreatedOnToolsVersion = 7.3.1;
						TestTargetID = 780706B81CE2BDFD00A4F5D4;
					};
				};
			};
			buildConfigurationList = 780706B41CE2BDFD00A4F5D4 /* Build configuration list for PBXProject "UUID2" */;
			compatibilityVersion = "Xcode 3.2";
			developmentRegion = English;
			hasScannedForEncodings = 0;
			knownRegions = (
				en,
				Base,
			);
			mainGroup = 780706B01CE2BDFD00A4F5D4;
			productRefGroup = 780706BA1CE2BDFD00A4F5D4 /* Products */;
			projectDirPath = "";
			projectRoot = "";
			targets = (
				780706B81CE2BDFD00A4F5D4 /* UUID2 */,
				780706D11CE2BDFD00A4F5D4 /* UUID2Tests */,
				780706DC1CE2BDFD00A4F5D4 /* UUID2UITests */,
			);
		};
/* End PBXProject section */

/* Begin PBXResourcesBuildPhase section */
		780706B71CE2BDFD00A4F5D4 /* Resources */ = {
			isa = PBXResourcesBuildPhase;
			buildActionMask = 2147483647;
			files = (
				780706CC1CE2BDFD00A4F5D4 /* LaunchScreen.storyboard in Resources */,
				780706C91CE2BDFD00A4F5D4 /* Assets.xcassets in Resources */,
				780706C71CE2BDFD00A4F5D4 /* Main.storyboard in Resources */,
			);
			runOnlyForDeploymentPostprocessing = 0;
		};
		780706D01CE2BDFD00A4F5D4 /* Resources */ = {
			isa = PBXResourcesBuildPhase;
			buildActionMask = 2147483647;
			files = (
			);
			runOnlyForDeploymentPostprocessing = 0;
		};
		780706DB1CE2BDFD00A4F5D4 /* Resources */ = {
			isa = PBXResourcesBuildPhase;
			buildActionMask = 2147483647;
			files = (
			);
			runOnlyForDeploymentPostprocessing = 0;
		};
/* End PBXResourcesBuildPhase section */

/* Begin PBXSourcesBuildPhase section */
		780706B51CE2BDFD00A4F5D4 /* Sources */ = {
			isa = PBXSourcesBuildPhase;
			buildActionMask = 2147483647;
			files = (
				780707051CE30FF600A4F5D4 /* UUID.m in Sources */,
				780706C41CE2BDFD00A4F5D4 /* ViewController.m in Sources */,
				780706C11CE2BDFD00A4F5D4 /* AppDelegate.m in Sources */,
				780706BE1CE2BDFD00A4F5D4 /* main.m in Sources */,
				780707081CE3103300A4F5D4 /* KeyChainStore.m in Sources */,
			);
			runOnlyForDeploymentPostprocessing = 0;
		};
		780706CE1CE2BDFD00A4F5D4 /* Sources */ = {
			isa = PBXSourcesBuildPhase;
			buildActionMask = 2147483647;
			files = (
				780706D71CE2BDFD00A4F5D4 /* UUID2Tests.m in Sources */,
			);
			runOnlyForDeploymentPostprocessing = 0;
		};
		780706D91CE2BDFD00A4F5D4 /* Sources */ = {
			isa = PBXSourcesBuildPhase;
			buildActionMask = 2147483647;
			files = (
				780706E21CE2BDFD00A4F5D4 /* UUID2UITests.m in Sources */,
			);
			runOnlyForDeploymentPostprocessing = 0;
		};
/* End PBXSourcesBuildPhase section */

/* Begin PBXTargetDependency section */
		780706D41CE2BDFD00A4F5D4 /* PBXTargetDependency */ = {
			isa = PBXTargetDependency;
			target = 780706B81CE2BDFD00A4F5D4 /* UUID2 */;
			targetProxy = 780706D31CE2BDFD00A4F5D4 /* PBXContainerItemProxy */;
		};
		780706DF1CE2BDFD00A4F5D4 /* PBXTargetDependency */ = {
			isa = PBXTargetDependency;
			target = 780706B81CE2BDFD00A4F5D4 /* UUID2 */;
			targetProxy = 780706DE1CE2BDFD00A4F5D4 /* PBXContainerItemProxy */;
		};
/* End PBXTargetDependency section */

/* Begin PBXVariantGroup section */
		780706C51CE2BDFD00A4F5D4 /* Main.storyboard */ = {
			isa = PBXVariantGroup;
			children = (
				780706C61CE2BDFD00A4F5D4 /* Base */,
			);
			name = Main.storyboard;
			sourceTree = "<group>";
		};
		780706CA1CE2BDFD00A4F5D4 /* LaunchScreen.storyboard */ = {
			isa = PBXVariantGroup;
			children = (
				780706CB1CE2BDFD00A4F5D4 /* Base */,
			);
			name = LaunchScreen.storyboard;
			sourceTree = "<group>";
		};
/* End PBXVariantGroup section */

/* Begin XCBuildConfiguration section */
		780706E41CE2BDFD00A4F5D4 /* Debug */ = {
			isa = XCBuildConfiguration;
			buildSettings = {
				ALWAYS_SEARCH_USER_PATHS = NO;
				CLANG_ANALYZER_NONNULL = YES;
				CLANG_CXX_LANGUAGE_STANDARD = "gnu++0x";
				CLANG_CXX_LIBRARY = "libc++";
				CLANG_ENABLE_MODULES = YES;
				CLANG_ENABLE_OBJC_ARC = YES;
				CLANG_WARN_BOOL_CONVERSION = YES;
				CLANG_WARN_CONSTANT_CONVERSION = YES;
				CLANG_WARN_DIRECT_OBJC_ISA_USAGE = YES_ERROR;
				CLANG_WARN_EMPTY_BODY = YES;
				CLANG_WARN_ENUM_CONVERSION = YES;
				CLANG_WARN_INT_CONVERSION = YES;
				CLANG_WARN_OBJC_ROOT_CLASS = YES_ERROR;
				CLANG_WARN_UNREACHABLE_CODE = YES;
				CLANG_WARN__DUPLICATE_METHOD_MATCH = YES;
				"CODE_SIGN_IDENTITY[sdk=iphoneos*]" = "iPhone Developer";
				COPY_PHASE_STRIP = NO;
				DEBUG_INFORMATION_FORMAT = dwarf;
				ENABLE_STRICT_OBJC_MSGSEND = YES;
				ENABLE_TESTABILITY = YES;
				GCC_C_LANGUAGE_STANDARD = gnu99;
				GCC_DYNAMIC_NO_PIC = NO;
				GCC_NO_COMMON_BLOCKS = YES;
				GCC_OPTIMIZATION_LEVEL = 0;
				GCC_PREPROCESSOR_DEFINITIONS = (
					"DEBUG=1",
					"$(inherited)",
				);
				GCC_WARN_64_TO_32_BIT_CONVERSION = YES;
				GCC_WARN_ABOUT_RETURN_TYPE = YES_ERROR;
				GCC_WARN_UNDECLARED_SELECTOR = YES;
				GCC_WARN_UNINITIALIZED_AUTOS = YES_AGGRESSIVE;
				GCC_WARN_UNUSED_FUNCTION = YES;
				GCC_WARN_UNUSED_VARIABLE = YES;
				IPHONEOS_DEPLOYMENT_TARGET = 9.3;
				MTL_ENABLE_DEBUG_INFO = YES;
				ONLY_ACTIVE_ARCH = YES;
				SDKROOT = iphoneos;
			};
			name = Debug;
		};
		780706E51CE2BDFD00A4F5D4 /* Release */ = {
			isa = XCBuildConfiguration;
			buildSettings = {
				ALWAYS_SEARCH_USER_PATHS = NO;
				CLANG_ANALYZER_NONNULL = YES;
				CLANG_CXX_LANGUAGE_STANDARD = "gnu++0x";
				CLANG_CXX_LIBRARY = "libc++";
				CLANG_ENABLE_MODULES = YES;
				CLANG_ENABLE_OBJC_ARC = YES;
				CLANG_WARN_BOOL_CONVERSION = YES;
				CLANG_WARN_CONSTANT_CONVERSION = YES;
				CLANG_WARN_DIRECT_OBJC_ISA_USAGE = YES_ERROR;
				CLANG_WARN_EMPTY_BODY = YES;
				CLANG_WARN_ENUM_CONVERSION = YES;
				CLANG_WARN_INT_CONVERSION = YES;
				CLANG_WARN_OBJC_ROOT_CLASS = YES_ERROR;
				CLANG_WARN_UNREACHABLE_CODE = YES;
				CLANG_WARN__DUPLICATE_METHOD_MATCH = YES;
				"CODE_SIGN_IDENTITY[sdk=iphoneos*]" = "iPhone Developer";
				COPY_PHASE_STRIP = NO;
				DEBUG_INFORMATION_FORMAT = "dwarf-with-dsym";
				ENABLE_NS_ASSERTIONS = NO;
				ENABLE_STRICT_OBJC_MSGSEND = YES;
				GCC_C_LANGUAGE_STANDARD = gnu99;
				GCC_NO_COMMON_BLOCKS = YES;
				GCC_WARN_64_TO_32_BIT_CONVERSION = YES;
				GCC_WARN_ABOUT_RETURN_TYPE = YES_ERROR;
				GCC_WARN_UNDECLARED_SELECTOR = YES;
				GCC_WARN_UNINITIALIZED_AUTOS = YES_AGGRESSIVE;
				GCC_WARN_UNUSED_FUNCTION = YES;
				GCC_WARN_UNUSED_VARIABLE = YES;
				IPHONEOS_DEPLOYMENT_TARGET = 9.3;
				MTL_ENABLE_DEBUG_INFO = NO;
				SDKROOT = iphoneos;
				VALIDATE_PRODUCT = YES;
			};
			name = Release;
		};
		780706E71CE2BDFD00A4F5D4 /* Debug */ = {
			isa = XCBuildConfiguration;
			buildSettings = {
				ASSETCATALOG_COMPILER_APPICON_NAME = AppIcon;
				CODE_SIGN_ENTITLEMENTS = UUID2/UUID2.entitlements;
				INFOPLIST_FILE = UUID2/Info.plist;
				LD_RUNPATH_SEARCH_PATHS = "$(inherited) @executable_path/Frameworks";
				PRODUCT_BUNDLE_IDENTIFIER = com.siyucloud.UUID2;
				PRODUCT_NAME = "$(TARGET_NAME)";
			};
			name = Debug;
		};
		780706E81CE2BDFD00A4F5D4 /* Release */ = {
			isa = XCBuildConfiguration;
			buildSettings = {
				ASSETCATALOG_COMPILER_APPICON_NAME = AppIcon;
				CODE_SIGN_ENTITLEMENTS = UUID2/UUID2.entitlements;
				INFOPLIST_FILE = UUID2/Info.plist;
				LD_RUNPATH_SEARCH_PATHS = "$(inherited) @executable_path/Frameworks";
				PRODUCT_BUNDLE_IDENTIFIER = com.siyucloud.UUID2;
				PRODUCT_NAME = "$(TARGET_NAME)";
			};
			name = Release;
		};
		780706EA1CE2BDFD00A4F5D4 /* Debug */ = {
			isa = XCBuildConfiguration;
			buildSettings = {
				BUNDLE_LOADER = "$(TEST_HOST)";
				INFOPLIST_FILE = UUID2Tests/Info.plist;
				LD_RUNPATH_SEARCH_PATHS = "$(inherited) @executable_path/Frameworks @loader_path/Frameworks";
				PRODUCT_BUNDLE_IDENTIFIER = com.siyucloud.UUID2Tests;
				PRODUCT_NAME = "$(TARGET_NAME)";
				TEST_HOST = "$(BUILT_PRODUCTS_DIR)/UUID2.app/UUID2";
			};
			name = Debug;
		};
		780706EB1CE2BDFD00A4F5D4 /* Release */ = {
			isa = XCBuildConfiguration;
			buildSettings = {
				BUNDLE_LOADER = "$(TEST_HOST)";
				INFOPLIST_FILE = UUID2Tests/Info.plist;
				LD_RUNPATH_SEARCH_PATHS = "$(inherited) @executable_path/Frameworks @loader_path/Frameworks";
				PRODUCT_BUNDLE_IDENTIFIER = com.siyucloud.UUID2Tests;
				PRODUCT_NAME = "$(TARGET_NAME)";
				TEST_HOST = "$(BUILT_PRODUCTS_DIR)/UUID2.app/UUID2";
			};
			name = Release;
		};
		780706ED1CE2BDFD00A4F5D4 /* Debug */ = {
			isa = XCBuildConfiguration;
			buildSettings = {
				INFOPLIST_FILE = UUID2UITests/Info.plist;
				LD_RUNPATH_SEARCH_PATHS = "$(inherited) @executable_path/Frameworks @loader_path/Frameworks";
				PRODUCT_BUNDLE_IDENTIFIER = com.siyucloud.UUID2UITests;
				PRODUCT_NAME = "$(TARGET_NAME)";
				TEST_TARGET_NAME = UUID2;
			};
			name = Debug;
		};
		780706EE1CE2BDFD00A4F5D4 /* Release */ = {
			isa = XCBuildConfiguration;
			buildSettings = {
				INFOPLIST_FILE = UUID2UITests/Info.plist;
				LD_RUNPATH_SEARCH_PATHS = "$(inherited) @executable_path/Frameworks @loader_path/Frameworks";
				PRODUCT_BUNDLE_IDENTIFIER = com.siyucloud.UUID2UITests;
				PRODUCT_NAME = "$(TARGET_NAME)";
				TEST_TARGET_NAME = UUID2;
			};
			name = Release;
		};
/* End XCBuildConfiguration section */

/* Begin XCConfigurationList section */
		780706B41CE2BDFD00A4F5D4 /* Build configuration list for PBXProject "UUID2" */ = {
			isa = XCConfigurationList;
			buildConfigurations = (
				780706E41CE2BDFD00A4F5D4 /* Debug */,
				780706E51CE2BDFD00A4F5D4 /* Release */,
			);
			defaultConfigurationIsVisible = 0;
			defaultConfigurationName = Release;
		};
		780706E61CE2BDFD00A4F5D4 /* Build configuration list for PBXNativeTarget "UUID2" */ = {
			isa = XCConfigurationList;
			buildConfigurations = (
				780706E71CE2BDFD00A4F5D4 /* Debug */,
				780706E81CE2BDFD00A4F5D4 /* Release */,
			);
			defaultConfigurationIsVisible = 0;
			defaultConfigurationName = Release;
		};
		780706E91CE2BDFD00A4F5D4 /* Build configuration list for PBXNativeTarget "UUID2Tests" */ = {
			isa = XCConfigurationList;
			buildConfigurations = (
				780706EA1CE2BDFD00A4F5D4 /* Debug */,
				780706EB1CE2BDFD00A4F5D4 /* Release */,
			);
			defaultConfigurationIsVisible = 0;
			defaultConfigurationName = Release;
		};
		780706EC1CE2BDFD00A4F5D4 /* Build configuration list for PBXNativeTarget "UUID2UITests" */ = {
			isa = XCConfigurationList;
			buildConfigurations = (
				780706ED1CE2BDFD00A4F5D4 /* Debug */,
				780706EE1CE2BDFD00A4F5D4 /* Release */,
			);
			defaultConfigurationIsVisible = 0;
			defaultConfigurationName = Release;
		};
/* End XCConfigurationList section */
	};
	rootObject = 780706B11CE2BDFD00A4F5D4 /* Project object */;
}
